
Microsoft Visual Studio Solution File, Format Version 12.00
# Visual Studio Version 17
VisualStudioVersion = 17.0.31919.166
MinimumVisualStudioVersion = 10.0.40219.1
Project("{FAE04EC0-301F-11D3-BF4B-00C04F79EFBC}") = "CrawExpenseReport", "CrawExpenseReport\CrawExpenseReport.csproj", "{BA978A6E-80D7-4B55-AD58-FF44EC02C56F}"
EndProject
Global
	GlobalSection(SolutionConfigurationPlatforms) = preSolution
		Debug|Any CPU = Debug|Any CPU
		Release|Any CPU = Release|Any CPU
	EndGlobalSection
	GlobalSection(ProjectConfigurationPlatforms) = postSolution
		{BA978A6E-80D7-4B55-AD58-FF44EC02C56F}.Debug|Any CPU.ActiveCfg = Debug|Any CPU
		{BA978A6E-80D7-4B55-AD58-FF44EC02C56F}.Debug|Any CPU.Build.0 = Debug|Any CPU
		{BA978A6E-80D7-4B55-AD58-FF44EC02C56F}.Release|Any CPU.ActiveCfg = Release|Any CPU
		{BA978A6E-80D7-4B55-AD58-FF44EC02C56F}.Release|Any CPU.Build.0 = Release|Any CPU
	EndGlobalSection
	GlobalSection(SolutionProperties) = preSolution
		HideSolutionNode = FALSE
	EndGlobalSection
	GlobalSection(ExtensibilityGlobals) = postSolution
		SolutionGuid = {659C2396-7B24-45EB-BDF3-B4E9B86C2A96}
	EndGlobalSection
EndGlobal
